// !$*UTF8*$!
{
	archiveVersion = 1;
	classes = {
	};
	objectVersion = 55;
	objects = {

/* Begin PBXBuildFile section */
		FB22E790285D32A500019A65 /* AppDelegate.swift in Sources */ = {isa = PBXBuildFile; fileRef = FB22E78F285D32A500019A65 /* AppDelegate.swift */; };
		FB22E792285D32A500019A65 /* SceneDelegate.swift in Sources */ = {isa = PBXBuildFile; fileRef = FB22E791285D32A500019A65 /* SceneDelegate.swift */; };
		FB22E794285D32A500019A65 /* SignInViewController.swift in Sources */ = {isa = PBXBuildFile; fileRef = FB22E793285D32A500019A65 /* SignInViewController.swift */; };
		FB22E799285D32A700019A65 /* Assets.xcassets in Resources */ = {isa = PBXBuildFile; fileRef = FB22E798285D32A700019A65 /* Assets.xcassets */; };
		FB22E79C285D32A800019A65 /* LaunchScreen.storyboard in Resources */ = {isa = PBXBuildFile; fileRef = FB22E79A285D32A800019A65 /* LaunchScreen.storyboard */; };
		FB745850285D931A006FC6EE /* PaddingTextField.swift in Sources */ = {isa = PBXBuildFile; fileRef = FB74584F285D931A006FC6EE /* PaddingTextField.swift */; };
		FB745853285D9AD3006FC6EE /* SignInPresenter.swift in Sources */ = {isa = PBXBuildFile; fileRef = FB745852285D9AD3006FC6EE /* SignInPresenter.swift */; };
		FB745855285D9C5D006FC6EE /* SignInRouter.swift in Sources */ = {isa = PBXBuildFile; fileRef = FB745854285D9C5D006FC6EE /* SignInRouter.swift */; };
		FB745857285D9D16006FC6EE /* SignInInteractor.swift in Sources */ = {isa = PBXBuildFile; fileRef = FB745856285D9D16006FC6EE /* SignInInteractor.swift */; };
		FB745859285D9DA8006FC6EE /* SignInError.swift in Sources */ = {isa = PBXBuildFile; fileRef = FB745858285D9DA8006FC6EE /* SignInError.swift */; };
/* End PBXBuildFile section */

/* Begin PBXFileReference section */
		FB22E78C285D32A500019A65 /* VIPERSample.app */ = {isa = PBXFileReference; explicitFileType = wrapper.application; includeInIndex = 0; path = VIPERSample.app; sourceTree = BUILT_PRODUCTS_DIR; };
		FB22E78F285D32A500019A65 /* AppDelegate.swift */ = {isa = PBXFileReference; lastKnownFileType = sourcecode.swift; path = AppDelegate.swift; sourceTree = "<group>"; };
		FB22E791285D32A500019A65 /* SceneDelegate.swift */ = {isa = PBXFileReference; lastKnownFileType = sourcecode.swift; path = SceneDelegate.swift; sourceTree = "<group>"; };
		FB22E793285D32A500019A65 /* SignInViewController.swift */ = {isa = PBXFileReference; lastKnownFileType = sourcecode.swift; path = SignInViewController.swift; sourceTree = "<group>"; };
		FB22E798285D32A700019A65 /* Assets.xcassets */ = {isa = PBXFileReference; lastKnownFileType = folder.assetcatalog; path = Assets.xcassets; sourceTree = "<group>"; };
		FB22E79B285D32A800019A65 /* Base */ = {isa = PBXFileReference; lastKnownFileType = file.storyboard; name = Base; path = Base.lproj/LaunchScreen.storyboard; sourceTree = "<group>"; };
		FB22E79D285D32A800019A65 /* Info.plist */ = {isa = PBXFileReference; lastKnownFileType = text.plist.xml; path = Info.plist; sourceTree = "<group>"; };
		FB74584F285D931A006FC6EE /* PaddingTextField.swift */ = {isa = PBXFileReference; lastKnownFileType = sourcecode.swift; path = PaddingTextField.swift; sourceTree = "<group>"; };
		FB745852285D9AD3006FC6EE /* SignInPresenter.swift */ = {isa = PBXFileReference; lastKnownFileType = sourcecode.swift; path = SignInPresenter.swift; sourceTree = "<group>"; };
		FB745854285D9C5D006FC6EE /* SignInRouter.swift */ = {isa = PBXFileReference; lastKnownFileType = sourcecode.swift; path = SignInRouter.swift; sourceTree = "<group>"; };
		FB745856285D9D16006FC6EE /* SignInInteractor.swift */ = {isa = PBXFileReference; lastKnownFileType = sourcecode.swift; path = SignInInteractor.swift; sourceTree = "<group>"; };
		FB745858285D9DA8006FC6EE /* SignInError.swift */ = {isa = PBXFileReference; lastKnownFileType = sourcecode.swift; path = SignInError.swift; sourceTree = "<group>"; };
/* End PBXFileReference section */

/* Begin PBXFrameworksBuildPhase section */
		FB22E789285D32A500019A65 /* Frameworks */ = {
			isa = PBXFrameworksBuildPhase;
			buildActionMask = 2147483647;
			files = (
			);
			runOnlyForDeploymentPostprocessing = 0;
		};
/* End PBXFrameworksBuildPhase section */

/* Begin PBXGroup section */
		FB22E783285D32A500019A65 = {
			isa = PBXGroup;
			children = (
				FB22E78E285D32A500019A65 /* VIPERSample */,
				FB22E78D285D32A500019A65 /* Products */,
			);
			sourceTree = "<group>";
		};
		FB22E78D285D32A500019A65 /* Products */ = {
			isa = PBXGroup;
			children = (
				FB22E78C285D32A500019A65 /* VIPERSample.app */,
			);
			name = Products;
			sourceTree = "<group>";
		};
		FB22E78E285D32A500019A65 /* VIPERSample */ = {
			isa = PBXGroup;
			children = (
				FB22E78F285D32A500019A65 /* AppDelegate.swift */,
				FB22E791285D32A500019A65 /* SceneDelegate.swift */,
				FB74584B285D4021006FC6EE /* Entity */,
				FB74584C285D4025006FC6EE /* Router */,
				FB745848285D4011006FC6EE /* View */,
				FB74584A285D401D006FC6EE /* Presenter */,
				FB745849285D4015006FC6EE /* Interactor */,
				FB22E798285D32A700019A65 /* Assets.xcassets */,
				FB22E79A285D32A800019A65 /* LaunchScreen.storyboard */,
				FB22E79D285D32A800019A65 /* Info.plist */,
			);
			path = VIPERSample;
			sourceTree = "<group>";
		};
		FB745848285D4011006FC6EE /* View */ = {
			isa = PBXGroup;
			children = (
				FB745851285D98A1006FC6EE /* Common */,
				FB22E793285D32A500019A65 /* SignInViewController.swift */,
			);
			path = View;
			sourceTree = "<group>";
		};
		FB745849285D4015006FC6EE /* Interactor */ = {
			isa = PBXGroup;
			children = (
				FB745856285D9D16006FC6EE /* SignInInteractor.swift */,
			);
			path = Interactor;
			sourceTree = "<group>";
		};
		FB74584A285D401D006FC6EE /* Presenter */ = {
			isa = PBXGroup;
			children = (
				FB745852285D9AD3006FC6EE /* SignInPresenter.swift */,
			);
			path = Presenter;
			sourceTree = "<group>";
		};
		FB74584B285D4021006FC6EE /* Entity */ = {
			isa = PBXGroup;
			children = (
				FB745858285D9DA8006FC6EE /* SignInError.swift */,
			);
			path = Entity;
			sourceTree = "<group>";
		};
		FB74584C285D4025006FC6EE /* Router */ = {
			isa = PBXGroup;
			children = (
				FB745854285D9C5D006FC6EE /* SignInRouter.swift */,
			);
			path = Router;
			sourceTree = "<group>";
		};
		FB745851285D98A1006FC6EE /* Common */ = {
			isa = PBXGroup;
			children = (
				FB74584F285D931A006FC6EE /* PaddingTextField.swift */,
			);
			path = Common;
			sourceTree = "<group>";
		};
/* End PBXGroup section */

/* Begin PBXNativeTarget section */
		FB22E78B285D32A500019A65 /* VIPERSample */ = {
			isa = PBXNativeTarget;
			buildConfigurationList = FB22E7A0285D32A800019A65 /* Build configuration list for PBXNativeTarget "VIPERSample" */;
			buildPhases = (
				FB22E788285D32A500019A65 /* Sources */,
				FB22E789285D32A500019A65 /* Frameworks */,
				FB22E78A285D32A500019A65 /* Resources */,
			);
			buildRules = (
			);
			dependencies = (
			);
			name = VIPERSample;
			productName = VIPERSample;
			productReference = FB22E78C285D32A500019A65 /* VIPERSample.app */;
			productType = "com.apple.product-type.application";
		};
/* End PBXNativeTarget section */

/* Begin PBXProject section */
		FB22E784285D32A500019A65 /* Project object */ = {
			isa = PBXProject;
			attributes = {
				BuildIndependentTargetsInParallel = 1;
				LastSwiftUpdateCheck = 1330;
				LastUpgradeCheck = 1330;
				TargetAttributes = {
					FB22E78B285D32A500019A65 = {
						CreatedOnToolsVersion = 13.3;
					};
				};
			};
			buildConfigurationList = FB22E787285D32A500019A65 /* Build configuration list for PBXProject "VIPERSample" */;
			compatibilityVersion = "Xcode 13.0";
			developmentRegion = en;
			hasScannedForEncodings = 0;
			knownRegions = (
				en,
				Base,
			);
			mainGroup = FB22E783285D32A500019A65;
			productRefGroup = FB22E78D285D32A500019A65 /* Products */;
			projectDirPath = "";
			projectRoot = "";
			targets = (
				FB22E78B285D32A500019A65 /* VIPERSample */,
			);
		};
/* End PBXProject section */

/* Begin PBXResourcesBuildPhase section */
		FB22E78A285D32A500019A65 /* Resources */ = {
			isa = PBXResourcesBuildPhase;
			buildActionMask = 2147483647;
			files = (
				FB22E79C285D32A800019A65 /* LaunchScreen.storyboard in Resources */,
				FB22E799285D32A700019A65 /* Assets.xcassets in Resources */,
			);
			runOnlyForDeploymentPostprocessing = 0;
		};
/* End PBXResourcesBuildPhase section */

/* Begin PBXSourcesBuildPhase section */
		FB22E788285D32A500019A65 /* Sources */ = {
			isa = PBXSourcesBuildPhase;
			buildActionMask = 2147483647;
			files = (
				FB745855285D9C5D006FC6EE /* SignInRouter.swift in Sources */,
				FB22E794285D32A500019A65 /* SignInViewController.swift in Sources */,
				FB745850285D931A006FC6EE /* PaddingTextField.swift in Sources */,
				FB22E790285D32A500019A65 /* AppDelegate.swift in Sources */,
				FB22E792285D32A500019A65 /* SceneDelegate.swift in Sources */,
				FB745857285D9D16006FC6EE /* SignInInteractor.swift in Sources */,
				FB745859285D9DA8006FC6EE /* SignInError.swift in Sources */,
				FB745853285D9AD3006FC6EE /* SignInPresenter.swift in Sources */,
			);
			runOnlyForDeploymentPostprocessing = 0;
		};
/* End PBXSourcesBuildPhase section */

/* Begin PBXVariantGroup section */
		FB22E79A285D32A800019A65 /* LaunchScreen.storyboard */ = {
			isa = PBXVariantGroup;
			children = (
				FB22E79B285D32A800019A65 /* Base */,
			);
			name = LaunchScreen.storyboard;
			sourceTree = "<group>";
		};
/* End PBXVariantGroup section */

/* Begin XCBuildConfiguration section */
		FB22E79E285D32A800019A65 /* Debug */ = {
			isa = XCBuildConfiguration;
			buildSettings = {
				ALWAYS_SEARCH_USER_PATHS = NO;
				CLANG_ANALYZER_NONNULL = YES;
				CLANG_ANALYZER_NUMBER_OBJECT_CONVERSION = YES_AGGRESSIVE;
				CLANG_CXX_LANGUAGE_STANDARD = "gnu++17";
				CLANG_ENABLE_MODULES = YES;
				CLANG_ENABLE_OBJC_ARC = YES;
				CLANG_ENABLE_OBJC_WEAK = YES;
				CLANG_WARN_BLOCK_CAPTURE_AUTORELEASING = YES;
				CLANG_WARN_BOOL_CONVERSION = YES;
				CLANG_WARN_COMMA = YES;
				CLANG_WARN_CONSTANT_CONVERSION = YES;
				CLANG_WARN_DEPRECATED_OBJC_IMPLEMENTATIONS = YES;
				CLANG_WARN_DIRECT_OBJC_ISA_USAGE = YES_ERROR;
				CLANG_WARN_DOCUMENTATION_COMMENTS = YES;
				CLANG_WARN_EMPTY_BODY = YES;
				CLANG_WARN_ENUM_CONVERSION = YES;
				CLANG_WARN_INFINITE_RECURSION = YES;
				CLANG_WARN_INT_CONVERSION = YES;
				CLANG_WARN_NON_LITERAL_NULL_CONVERSION = YES;
				CLANG_WARN_OBJC_IMPLICIT_RETAIN_SELF = YES;
				CLANG_WARN_OBJC_LITERAL_CONVERSION = YES;
				CLANG_WARN_OBJC_ROOT_CLASS = YES_ERROR;
				CLANG_WARN_QUOTED_INCLUDE_IN_FRAMEWORK_HEADER = YES;
				CLANG_WARN_RANGE_LOOP_ANALYSIS = YES;
				CLANG_WARN_STRICT_PROTOTYPES = YES;
				CLANG_WARN_SUSPICIOUS_MOVE = YES;
				CLANG_WARN_UNGUARDED_AVAILABILITY = YES_AGGRESSIVE;
				CLANG_WARN_UNREACHABLE_CODE = YES;
				CLANG_WARN__DUPLICATE_METHOD_MATCH = YES;
				COPY_PHASE_STRIP = NO;
				DEBUG_INFORMATION_FORMAT = dwarf;
				ENABLE_STRICT_OBJC_MSGSEND = YES;
				ENABLE_TESTABILITY = YES;
				GCC_C_LANGUAGE_STANDARD = gnu11;
				GCC_DYNAMIC_NO_PIC = NO;
				GCC_NO_COMMON_BLOCKS = YES;
				GCC_OPTIMIZATION_LEVEL = 0;
				GCC_PREPROCESSOR_DEFINITIONS = (
					"DEBUG=1",
					"$(inherited)",
				);
				GCC_WARN_64_TO_32_BIT_CONVERSION = YES;
				GCC_WARN_ABOUT_RETURN_TYPE = YES_ERROR;
				GCC_WARN_UNDECLARED_SELECTOR = YES;
				GCC_WARN_UNINITIALIZED_AUTOS = YES_AGGRESSIVE;
				GCC_WARN_UNUSED_FUNCTION = YES;
				GCC_WARN_UNUSED_VARIABLE = YES;
				IPHONEOS_DEPLOYMENT_TARGET = 15.4;
				MTL_ENABLE_DEBUG_INFO = INCLUDE_SOURCE;
				MTL_FAST_MATH = YES;
				ONLY_ACTIVE_ARCH = YES;
				SDKROOT = iphoneos;
				SWIFT_ACTIVE_COMPILATION_CONDITIONS = DEBUG;
				SWIFT_OPTIMIZATION_LEVEL = "-Onone";
			};
			name = Debug;
		};
		FB22E79F285D32A800019A65 /* Release */ = {
			isa = XCBuildConfiguration;
			buildSettings = {
				ALWAYS_SEARCH_USER_PATHS = NO;
				CLANG_ANALYZER_NONNULL = YES;
				CLANG_ANALYZER_NUMBER_OBJECT_CONVERSION = YES_AGGRESSIVE;
				CLANG_CXX_LANGUAGE_STANDARD = "gnu++17";
				CLANG_ENABLE_MODULES = YES;
				CLANG_ENABLE_OBJC_ARC = YES;
				CLANG_ENABLE_OBJC_WEAK = YES;
				CLANG_WARN_BLOCK_CAPTURE_AUTORELEASING = YES;
				CLANG_WARN_BOOL_CONVERSION = YES;
				CLANG_WARN_COMMA = YES;
				CLANG_WARN_CONSTANT_CONVERSION = YES;
				CLANG_WARN_DEPRECATED_OBJC_IMPLEMENTATIONS = YES;
				CLANG_WARN_DIRECT_OBJC_ISA_USAGE = YES_ERROR;
				CLANG_WARN_DOCUMENTATION_COMMENTS = YES;
				CLANG_WARN_EMPTY_BODY = YES;
				CLANG_WARN_ENUM_CONVERSION = YES;
				CLANG_WARN_INFINITE_RECURSION = YES;
				CLANG_WARN_INT_CONVERSION = YES;
				CLANG_WARN_NON_LITERAL_NULL_CONVERSION = YES;
				CLANG_WARN_OBJC_IMPLICIT_RETAIN_SELF = YES;
				CLANG_WARN_OBJC_LITERAL_CONVERSION = YES;
				CLANG_WARN_OBJC_ROOT_CLASS = YES_ERROR;
				CLANG_WARN_QUOTED_INCLUDE_IN_FRAMEWORK_HEADER = YES;
				CLANG_WARN_RANGE_LOOP_ANALYSIS = YES;
				CLANG_WARN_STRICT_PROTOTYPES = YES;
				CLANG_WARN_SUSPICIOUS_MOVE = YES;
				CLANG_WARN_UNGUARDED_AVAILABILITY = YES_AGGRESSIVE;
				CLANG_WARN_UNREACHABLE_CODE = YES;
				CLANG_WARN__DUPLICATE_METHOD_MATCH = YES;
				COPY_PHASE_STRIP = NO;
				DEBUG_INFORMATION_FORMAT = "dwarf-with-dsym";
				ENABLE_NS_ASSERTIONS = NO;
				ENABLE_STRICT_OBJC_MSGSEND = YES;
				GCC_C_LANGUAGE_STANDARD = gnu11;
				GCC_NO_COMMON_BLOCKS = YES;
				GCC_WARN_64_TO_32_BIT_CONVERSION = YES;
				GCC_WARN_ABOUT_RETURN_TYPE = YES_ERROR;
				GCC_WARN_UNDECLARED_SELECTOR = YES;
				GCC_WARN_UNINITIALIZED_AUTOS = YES_AGGRESSIVE;
				GCC_WARN_UNUSED_FUNCTION = YES;
				GCC_WARN_UNUSED_VARIABLE = YES;
				IPHONEOS_DEPLOYMENT_TARGET = 15.4;
				MTL_ENABLE_DEBUG_INFO = NO;
				MTL_FAST_MATH = YES;
				SDKROOT = iphoneos;
				SWIFT_COMPILATION_MODE = wholemodule;
				SWIFT_OPTIMIZATION_LEVEL = "-O";
				VALIDATE_PRODUCT = YES;
			};
			name = Release;
		};
		FB22E7A1285D32A800019A65 /* Debug */ = {
			isa = XCBuildConfiguration;
			buildSettings = {
				ASSETCATALOG_COMPILER_APPICON_NAME = AppIcon;
				ASSETCATALOG_COMPILER_GLOBAL_ACCENT_COLOR_NAME = AccentColor;
				CODE_SIGN_STYLE = Automatic;
				CURRENT_PROJECT_VERSION = 1;
				DEVELOPMENT_TEAM = KT557Q945S;
				GENERATE_INFOPLIST_FILE = YES;
				INFOPLIST_FILE = VIPERSample/Info.plist;
				INFOPLIST_KEY_UIApplicationSupportsIndirectInputEvents = YES;
				INFOPLIST_KEY_UILaunchStoryboardName = LaunchScreen;
				INFOPLIST_KEY_UISupportedInterfaceOrientations_iPad = "UIInterfaceOrientationPortrait UIInterfaceOrientationPortraitUpsideDown UIInterfaceOrientationLandscapeLeft UIInterfaceOrientationLandscapeRight";
				INFOPLIST_KEY_UISupportedInterfaceOrientations_iPhone = "UIInterfaceOrientationPortrait UIInterfaceOrientationLandscapeLeft UIInterfaceOrientationLandscapeRight";
				LD_RUNPATH_SEARCH_PATHS = (
					"$(inherited)",
					"@executable_path/Frameworks",
				);
				MARKETING_VERSION = 1.0;
				PRODUCT_BUNDLE_IDENTIFIER = com.kuroda.VIPERSample;
				PRODUCT_NAME = "$(TARGET_NAME)";
				SWIFT_EMIT_LOC_STRINGS = YES;
				SWIFT_VERSION = 5.0;
				TARGETED_DEVICE_FAMILY = "1,2";
			};
			name = Debug;
		};
		FB22E7A2285D32A800019A65 /* Release */ = {
			isa = XCBuildConfiguration;
			buildSettings = {
				ASSETCATALOG_COMPILER_APPICON_NAME = AppIcon;
				ASSETCATALOG_COMPILER_GLOBAL_ACCENT_COLOR_NAME = AccentColor;
				CODE_SIGN_STYLE = Automatic;
				CURRENT_PROJECT_VERSION = 1;
				DEVELOPMENT_TEAM = KT557Q945S;
				GENERATE_INFOPLIST_FILE = YES;
				INFOPLIST_FILE = VIPERSample/Info.plist;
				INFOPLIST_KEY_UIApplicationSupportsIndirectInputEvents = YES;
				INFOPLIST_KEY_UILaunchStoryboardName = LaunchScreen;
				INFOPLIST_KEY_UISupportedInterfaceOrientations_iPad = "UIInterfaceOrientationPortrait UIInterfaceOrientationPortraitUpsideDown UIInterfaceOrientationLandscapeLeft UIInterfaceOrientationLandscapeRight";
				INFOPLIST_KEY_UISupportedInterfaceOrientations_iPhone = "UIInterfaceOrientationPortrait UIInterfaceOrientationLandscapeLeft UIInterfaceOrientationLandscapeRight";
				LD_RUNPATH_SEARCH_PATHS = (
					"$(inherited)",
					"@executable_path/Frameworks",
				);
				MARKETING_VERSION = 1.0;
				PRODUCT_BUNDLE_IDENTIFIER = com.kuroda.VIPERSample;
				PRODUCT_NAME = "$(TARGET_NAME)";
				SWIFT_EMIT_LOC_STRINGS = YES;
				SWIFT_VERSION = 5.0;
				TARGETED_DEVICE_FAMILY = "1,2";
			};
			name = Release;
		};
/* End XCBuildConfiguration section */

/* Begin XCConfigurationList section */
		FB22E787285D32A500019A65 /* Build configuration list for PBXProject "VIPERSample" */ = {
			isa = XCConfigurationList;
			buildConfigurations = (
				FB22E79E285D32A800019A65 /* Debug */,
				FB22E79F285D32A800019A65 /* Release */,
			);
			defaultConfigurationIsVisible = 0;
			defaultConfigurationName = Release;
		};
		FB22E7A0285D32A800019A65 /* Build configuration list for PBXNativeTarget "VIPERSample" */ = {
			isa = XCConfigurationList;
			buildConfigurations = (
				FB22E7A1285D32A800019A65 /* Debug */,
				FB22E7A2285D32A800019A65 /* Release */,
			);
			defaultConfigurationIsVisible = 0;
			defaultConfigurationName = Release;
		};
/* End XCConfigurationList section */
	};
	rootObject = FB22E784285D32A500019A65 /* Project object */;
}
